// !$*UTF8*$!
{
	archiveVersion = 1;
	classes = {
	};
	objectVersion = 50;
	objects = {

/* Begin PBXBuildFile section */
		862E2A10A9BF67E54694E9F2 /* Pods_Todoey.framework in Frameworks */ = {isa = PBXBuildFile; fileRef = 0E3E3C730660B2CEA95C2EF6 /* Pods_Todoey.framework */; };
		D67FAA78225ED54D00568473 /* SwipeTableViewController.swift in Sources */ = {isa = PBXBuildFile; fileRef = D67FAA77225ED54D00568473 /* SwipeTableViewController.swift */; };
		D6B313B6225E528800CB4D2C /* Item.swift in Sources */ = {isa = PBXBuildFile; fileRef = D6B313B5225E528800CB4D2C /* Item.swift */; };
		D6B313B8225E529600CB4D2C /* Category.swift in Sources */ = {isa = PBXBuildFile; fileRef = D6B313B7225E529600CB4D2C /* Category.swift */; };
		D6D09120225BDC8900F2CE69 /* AppDelegate.swift in Sources */ = {isa = PBXBuildFile; fileRef = D6D0911F225BDC8900F2CE69 /* AppDelegate.swift */; };
		D6D09122225BDC8900F2CE69 /* ToDoListViewController.swift in Sources */ = {isa = PBXBuildFile; fileRef = D6D09121225BDC8900F2CE69 /* ToDoListViewController.swift */; };
		D6D09125225BDC8900F2CE69 /* Main.storyboard in Resources */ = {isa = PBXBuildFile; fileRef = D6D09123225BDC8900F2CE69 /* Main.storyboard */; };
		D6D09127225BDC8B00F2CE69 /* Assets.xcassets in Resources */ = {isa = PBXBuildFile; fileRef = D6D09126225BDC8B00F2CE69 /* Assets.xcassets */; };
		D6D0912A225BDC8B00F2CE69 /* LaunchScreen.storyboard in Resources */ = {isa = PBXBuildFile; fileRef = D6D09128225BDC8B00F2CE69 /* LaunchScreen.storyboard */; };
		D6D0915C225D4C0C00F2CE69 /* CategoryViewController.swift in Sources */ = {isa = PBXBuildFile; fileRef = D6D0915B225D4C0C00F2CE69 /* CategoryViewController.swift */; };
/* End PBXBuildFile section */

/* Begin PBXFileReference section */
		0E3E3C730660B2CEA95C2EF6 /* Pods_Todoey.framework */ = {isa = PBXFileReference; explicitFileType = wrapper.framework; includeInIndex = 0; path = Pods_Todoey.framework; sourceTree = BUILT_PRODUCTS_DIR; };
		2A04DF088686CC7E563A11A2 /* Pods-Todoey.release.xcconfig */ = {isa = PBXFileReference; includeInIndex = 1; lastKnownFileType = text.xcconfig; name = "Pods-Todoey.release.xcconfig"; path = "Target Support Files/Pods-Todoey/Pods-Todoey.release.xcconfig"; sourceTree = "<group>"; };
		B9E4E98F6645157CBB2A0F79 /* Pods-Todoey.debug.xcconfig */ = {isa = PBXFileReference; includeInIndex = 1; lastKnownFileType = text.xcconfig; name = "Pods-Todoey.debug.xcconfig"; path = "Target Support Files/Pods-Todoey/Pods-Todoey.debug.xcconfig"; sourceTree = "<group>"; };
		D67FAA77225ED54D00568473 /* SwipeTableViewController.swift */ = {isa = PBXFileReference; lastKnownFileType = sourcecode.swift; path = SwipeTableViewController.swift; sourceTree = "<group>"; };
		D6B313B5225E528800CB4D2C /* Item.swift */ = {isa = PBXFileReference; lastKnownFileType = sourcecode.swift; path = Item.swift; sourceTree = "<group>"; };
		D6B313B7225E529600CB4D2C /* Category.swift */ = {isa = PBXFileReference; lastKnownFileType = sourcecode.swift; path = Category.swift; sourceTree = "<group>"; };
		D6D0911C225BDC8900F2CE69 /* Todoey.app */ = {isa = PBXFileReference; explicitFileType = wrapper.application; includeInIndex = 0; path = Todoey.app; sourceTree = BUILT_PRODUCTS_DIR; };
		D6D0911F225BDC8900F2CE69 /* AppDelegate.swift */ = {isa = PBXFileReference; lastKnownFileType = sourcecode.swift; path = AppDelegate.swift; sourceTree = "<group>"; };
		D6D09121225BDC8900F2CE69 /* ToDoListViewController.swift */ = {isa = PBXFileReference; lastKnownFileType = sourcecode.swift; path = ToDoListViewController.swift; sourceTree = "<group>"; };
		D6D09124225BDC8900F2CE69 /* Base */ = {isa = PBXFileReference; lastKnownFileType = file.storyboard; name = Base; path = Base.lproj/Main.storyboard; sourceTree = "<group>"; };
		D6D09126225BDC8B00F2CE69 /* Assets.xcassets */ = {isa = PBXFileReference; lastKnownFileType = folder.assetcatalog; path = Assets.xcassets; sourceTree = "<group>"; };
		D6D09129225BDC8B00F2CE69 /* Base */ = {isa = PBXFileReference; lastKnownFileType = file.storyboard; name = Base; path = Base.lproj/LaunchScreen.storyboard; sourceTree = "<group>"; };
		D6D0912B225BDC8B00F2CE69 /* Info.plist */ = {isa = PBXFileReference; lastKnownFileType = text.plist.xml; path = Info.plist; sourceTree = "<group>"; };
		D6D0915B225D4C0C00F2CE69 /* CategoryViewController.swift */ = {isa = PBXFileReference; lastKnownFileType = sourcecode.swift; path = CategoryViewController.swift; sourceTree = "<group>"; };
/* End PBXFileReference section */

/* Begin PBXFrameworksBuildPhase section */
		D6D09119225BDC8900F2CE69 /* Frameworks */ = {
			isa = PBXFrameworksBuildPhase;
			buildActionMask = 2147483647;
			files = (
				862E2A10A9BF67E54694E9F2 /* Pods_Todoey.framework in Frameworks */,
			);
			runOnlyForDeploymentPostprocessing = 0;
		};
/* End PBXFrameworksBuildPhase section */

/* Begin PBXGroup section */
		A76EBDAE22A5701A0336C521 /* Pods */ = {
			isa = PBXGroup;
			children = (
				B9E4E98F6645157CBB2A0F79 /* Pods-Todoey.debug.xcconfig */,
				2A04DF088686CC7E563A11A2 /* Pods-Todoey.release.xcconfig */,
			);
			path = Pods;
			sourceTree = "<group>";
		};
		CC888D80A757F78D905EC27F /* Frameworks */ = {
			isa = PBXGroup;
			children = (
				0E3E3C730660B2CEA95C2EF6 /* Pods_Todoey.framework */,
			);
			name = Frameworks;
			sourceTree = "<group>";
		};
		D6D09113225BDC8900F2CE69 = {
			isa = PBXGroup;
			children = (
				D6D0911E225BDC8900F2CE69 /* Todoey */,
				D6D0911D225BDC8900F2CE69 /* Products */,
				A76EBDAE22A5701A0336C521 /* Pods */,
				CC888D80A757F78D905EC27F /* Frameworks */,
			);
			sourceTree = "<group>";
		};
		D6D0911D225BDC8900F2CE69 /* Products */ = {
			isa = PBXGroup;
			children = (
				D6D0911C225BDC8900F2CE69 /* Todoey.app */,
			);
			name = Products;
			sourceTree = "<group>";
		};
		D6D0911E225BDC8900F2CE69 /* Todoey */ = {
			isa = PBXGroup;
			children = (
				D6D0912B225BDC8B00F2CE69 /* Info.plist */,
				D6D0911F225BDC8900F2CE69 /* AppDelegate.swift */,
				D6D09126225BDC8B00F2CE69 /* Assets.xcassets */,
				D6D09133225BF4A400F2CE69 /* Controllers */,
				D6D09134225BF4B400F2CE69 /* Model */,
				D6D09131225BF47700F2CE69 /* Supporting Files */,
				D6D09132225BF49400F2CE69 /* Views */,
			);
			path = Todoey;
			sourceTree = "<group>";
		};
		D6D09131225BF47700F2CE69 /* Supporting Files */ = {
			isa = PBXGroup;
			children = (
			);
			path = "Supporting Files";
			sourceTree = "<group>";
		};
		D6D09132225BF49400F2CE69 /* Views */ = {
			isa = PBXGroup;
			children = (
				D6D09123225BDC8900F2CE69 /* Main.storyboard */,
				D6D09128225BDC8B00F2CE69 /* LaunchScreen.storyboard */,
			);
			path = Views;
			sourceTree = "<group>";
		};
		D6D09133225BF4A400F2CE69 /* Controllers */ = {
			isa = PBXGroup;
			children = (
				D6D0915B225D4C0C00F2CE69 /* CategoryViewController.swift */,
				D6D09121225BDC8900F2CE69 /* ToDoListViewController.swift */,
				D67FAA77225ED54D00568473 /* SwipeTableViewController.swift */,
			);
			path = Controllers;
			sourceTree = "<group>";
		};
		D6D09134225BF4B400F2CE69 /* Model */ = {
			isa = PBXGroup;
			children = (
				D6B313B5225E528800CB4D2C /* Item.swift */,
				D6B313B7225E529600CB4D2C /* Category.swift */,
			);
			path = Model;
			sourceTree = "<group>";
		};
/* End PBXGroup section */

/* Begin PBXNativeTarget section */
		D6D0911B225BDC8900F2CE69 /* Todoey */ = {
			isa = PBXNativeTarget;
			buildConfigurationList = D6D0912E225BDC8B00F2CE69 /* Build configuration list for PBXNativeTarget "Todoey" */;
			buildPhases = (
				85B3AA46779F9CD098128487 /* [CP] Check Pods Manifest.lock */,
				D6D09118225BDC8900F2CE69 /* Sources */,
				D6D09119225BDC8900F2CE69 /* Frameworks */,
				D6D0911A225BDC8900F2CE69 /* Resources */,
				46983EB4EA4A9A91F933B18F /* [CP] Embed Pods Frameworks */,
			);
			buildRules = (
			);
			dependencies = (
			);
			name = Todoey;
			productName = Todoey;
			productReference = D6D0911C225BDC8900F2CE69 /* Todoey.app */;
			productType = "com.apple.product-type.application";
		};
/* End PBXNativeTarget section */

/* Begin PBXProject section */
		D6D09114225BDC8900F2CE69 /* Project object */ = {
			isa = PBXProject;
			attributes = {
				LastSwiftUpdateCheck = 1020;
				LastUpgradeCheck = 1020;
				ORGANIZATIONNAME = "O'Mara Consulting Associates";
				TargetAttributes = {
					D6D0911B225BDC8900F2CE69 = {
						CreatedOnToolsVersion = 10.2;
					};
				};
			};
			buildConfigurationList = D6D09117225BDC8900F2CE69 /* Build configuration list for PBXProject "Todoey" */;
			compatibilityVersion = "Xcode 9.3";
			developmentRegion = en;
			hasScannedForEncodings = 0;
			knownRegions = (
				en,
				Base,
			);
			mainGroup = D6D09113225BDC8900F2CE69;
			productRefGroup = D6D0911D225BDC8900F2CE69 /* Products */;
			projectDirPath = "";
			projectRoot = "";
			targets = (
				D6D0911B225BDC8900F2CE69 /* Todoey */,
			);
		};
/* End PBXProject section */

/* Begin PBXResourcesBuildPhase section */
		D6D0911A225BDC8900F2CE69 /* Resources */ = {
			isa = PBXResourcesBuildPhase;
			buildActionMask = 2147483647;
			files = (
				D6D0912A225BDC8B00F2CE69 /* LaunchScreen.storyboard in Resources */,
				D6D09127225BDC8B00F2CE69 /* Assets.xcassets in Resources */,
				D6D09125225BDC8900F2CE69 /* Main.storyboard in Resources */,
			);
			runOnlyForDeploymentPostprocessing = 0;
		};
/* End PBXResourcesBuildPhase section */

/* Begin PBXShellScriptBuildPhase section */
		46983EB4EA4A9A91F933B18F /* [CP] Embed Pods Frameworks */ = {
			isa = PBXShellScriptBuildPhase;
			buildActionMask = 2147483647;
			files = (
			);
			inputFileListPaths = (
			);
			inputPaths = (
				"${PODS_ROOT}/Target Support Files/Pods-Todoey/Pods-Todoey-frameworks.sh",
				"${BUILT_PRODUCTS_DIR}/ChameleonFramework/ChameleonFramework.framework",
				"${BUILT_PRODUCTS_DIR}/Realm/Realm.framework",
				"${BUILT_PRODUCTS_DIR}/RealmSwift/RealmSwift.framework",
				"${BUILT_PRODUCTS_DIR}/SwipeCellKit/SwipeCellKit.framework",
			);
			name = "[CP] Embed Pods Frameworks";
			outputFileListPaths = (
			);
			outputPaths = (
				"${TARGET_BUILD_DIR}/${FRAMEWORKS_FOLDER_PATH}/ChameleonFramework.framework",
				"${TARGET_BUILD_DIR}/${FRAMEWORKS_FOLDER_PATH}/Realm.framework",
				"${TARGET_BUILD_DIR}/${FRAMEWORKS_FOLDER_PATH}/RealmSwift.framework",
				"${TARGET_BUILD_DIR}/${FRAMEWORKS_FOLDER_PATH}/SwipeCellKit.framework",
			);
			runOnlyForDeploymentPostprocessing = 0;
			shellPath = /bin/sh;
			shellScript = "\"${PODS_ROOT}/Target Support Files/Pods-Todoey/Pods-Todoey-frameworks.sh\"\n";
			showEnvVarsInLog = 0;
		};
		85B3AA46779F9CD098128487 /* [CP] Check Pods Manifest.lock */ = {
			isa = PBXShellScriptBuildPhase;
			buildActionMask = 2147483647;
			files = (
			);
			inputFileListPaths = (
			);
			inputPaths = (
				"${PODS_PODFILE_DIR_PATH}/Podfile.lock",
				"${PODS_ROOT}/Manifest.lock",
			);
			name = "[CP] Check Pods Manifest.lock";
			outputFileListPaths = (
			);
			outputPaths = (
				"$(DERIVED_FILE_DIR)/Pods-Todoey-checkManifestLockResult.txt",
			);
			runOnlyForDeploymentPostprocessing = 0;
			shellPath = /bin/sh;
			shellScript = "diff \"${PODS_PODFILE_DIR_PATH}/Podfile.lock\" \"${PODS_ROOT}/Manifest.lock\" > /dev/null\nif [ $? != 0 ] ; then\n    # print error to STDERR\n    echo \"error: The sandbox is not in sync with the Podfile.lock. Run 'pod install' or update your CocoaPods installation.\" >&2\n    exit 1\nfi\n# This output is used by Xcode 'outputs' to avoid re-running this script phase.\necho \"SUCCESS\" > \"${SCRIPT_OUTPUT_FILE_0}\"\n";
			showEnvVarsInLog = 0;
		};
/* End PBXShellScriptBuildPhase section */

/* Begin PBXSourcesBuildPhase section */
		D6D09118225BDC8900F2CE69 /* Sources */ = {
			isa = PBXSourcesBuildPhase;
			buildActionMask = 2147483647;
			files = (
				D6B313B6225E528800CB4D2C /* Item.swift in Sources */,
				D6D0915C225D4C0C00F2CE69 /* CategoryViewController.swift in Sources */,
				D6D09122225BDC8900F2CE69 /* ToDoListViewController.swift in Sources */,
				D6D09120225BDC8900F2CE69 /* AppDelegate.swift in Sources */,
				D67FAA78225ED54D00568473 /* SwipeTableViewController.swift in Sources */,
				D6B313B8225E529600CB4D2C /* Category.swift in Sources */,
			);
			runOnlyForDeploymentPostprocessing = 0;
		};
/* End PBXSourcesBuildPhase section */

/* Begin PBXVariantGroup section */
		D6D09123225BDC8900F2CE69 /* Main.storyboard */ = {
			isa = PBXVariantGroup;
			children = (
				D6D09124225BDC8900F2CE69 /* Base */,
			);
			name = Main.storyboard;
			sourceTree = "<group>";
		};
		D6D09128225BDC8B00F2CE69 /* LaunchScreen.storyboard */ = {
			isa = PBXVariantGroup;
			children = (
				D6D09129225BDC8B00F2CE69 /* Base */,
			);
			name = LaunchScreen.storyboard;
			sourceTree = "<group>";
		};
/* End PBXVariantGroup section */

/* Begin XCBuildConfiguration section */
		D6D0912C225BDC8B00F2CE69 /* Debug */ = {
			isa = XCBuildConfiguration;
			buildSettings = {
				ALWAYS_SEARCH_USER_PATHS = NO;
				CLANG_ANALYZER_NONNULL = YES;
				CLANG_ANALYZER_NUMBER_OBJECT_CONVERSION = YES_AGGRESSIVE;
				CLANG_CXX_LANGUAGE_STANDARD = "gnu++14";
				CLANG_CXX_LIBRARY = "libc++";
				CLANG_ENABLE_MODULES = YES;
				CLANG_ENABLE_OBJC_ARC = YES;
				CLANG_ENABLE_OBJC_WEAK = YES;
				CLANG_WARN_BLOCK_CAPTURE_AUTORELEASING = YES;
				CLANG_WARN_BOOL_CONVERSION = YES;
				CLANG_WARN_COMMA = YES;
				CLANG_WARN_CONSTANT_CONVERSION = YES;
				CLANG_WARN_DEPRECATED_OBJC_IMPLEMENTATIONS = YES;
				CLANG_WARN_DIRECT_OBJC_ISA_USAGE = YES_ERROR;
				CLANG_WARN_DOCUMENTATION_COMMENTS = YES;
				CLANG_WARN_EMPTY_BODY = YES;
				CLANG_WARN_ENUM_CONVERSION = YES;
				CLANG_WARN_INFINITE_RECURSION = YES;
				CLANG_WARN_INT_CONVERSION = YES;
				CLANG_WARN_NON_LITERAL_NULL_CONVERSION = YES;
				CLANG_WARN_OBJC_IMPLICIT_RETAIN_SELF = YES;
				CLANG_WARN_OBJC_LITERAL_CONVERSION = YES;
				CLANG_WARN_OBJC_ROOT_CLASS = YES_ERROR;
				CLANG_WARN_RANGE_LOOP_ANALYSIS = YES;
				CLANG_WARN_STRICT_PROTOTYPES = YES;
				CLANG_WARN_SUSPICIOUS_MOVE = YES;
				CLANG_WARN_UNGUARDED_AVAILABILITY = YES_AGGRESSIVE;
				CLANG_WARN_UNREACHABLE_CODE = YES;
				CLANG_WARN__DUPLICATE_METHOD_MATCH = YES;
				CODE_SIGN_IDENTITY = "iPhone Developer";
				COPY_PHASE_STRIP = NO;
				DEBUG_INFORMATION_FORMAT = dwarf;
				ENABLE_STRICT_OBJC_MSGSEND = YES;
				ENABLE_TESTABILITY = YES;
				GCC_C_LANGUAGE_STANDARD = gnu11;
				GCC_DYNAMIC_NO_PIC = NO;
				GCC_NO_COMMON_BLOCKS = YES;
				GCC_OPTIMIZATION_LEVEL = 0;
				GCC_PREPROCESSOR_DEFINITIONS = (
					"DEBUG=1",
					"$(inherited)",
				);
				GCC_WARN_64_TO_32_BIT_CONVERSION = YES;
				GCC_WARN_ABOUT_RETURN_TYPE = YES_ERROR;
				GCC_WARN_UNDECLARED_SELECTOR = YES;
				GCC_WARN_UNINITIALIZED_AUTOS = YES_AGGRESSIVE;
				GCC_WARN_UNUSED_FUNCTION = YES;
				GCC_WARN_UNUSED_VARIABLE = YES;
				IPHONEOS_DEPLOYMENT_TARGET = 12.2;
				MTL_ENABLE_DEBUG_INFO = INCLUDE_SOURCE;
				MTL_FAST_MATH = YES;
				ONLY_ACTIVE_ARCH = YES;
				SDKROOT = iphoneos;
				SWIFT_ACTIVE_COMPILATION_CONDITIONS = DEBUG;
				SWIFT_OPTIMIZATION_LEVEL = "-Onone";
			};
			name = Debug;
		};
		D6D0912D225BDC8B00F2CE69 /* Release */ = {
			isa = XCBuildConfiguration;
			buildSettings = {
				ALWAYS_SEARCH_USER_PATHS = NO;
				CLANG_ANALYZER_NONNULL = YES;
				CLANG_ANALYZER_NUMBER_OBJECT_CONVERSION = YES_AGGRESSIVE;
				CLANG_CXX_LANGUAGE_STANDARD = "gnu++14";
				CLANG_CXX_LIBRARY = "libc++";
				CLANG_ENABLE_MODULES = YES;
				CLANG_ENABLE_OBJC_ARC = YES;
				CLANG_ENABLE_OBJC_WEAK = YES;
				CLANG_WARN_BLOCK_CAPTURE_AUTORELEASING = YES;
				CLANG_WARN_BOOL_CONVERSION = YES;
				CLANG_WARN_COMMA = YES;
				CLANG_WARN_CONSTANT_CONVERSION = YES;
				CLANG_WARN_DEPRECATED_OBJC_IMPLEMENTATIONS = YES;
				CLANG_WARN_DIRECT_OBJC_ISA_USAGE = YES_ERROR;
				CLANG_WARN_DOCUMENTATION_COMMENTS = YES;
				CLANG_WARN_EMPTY_BODY = YES;
				CLANG_WARN_ENUM_CONVERSION = YES;
				CLANG_WARN_INFINITE_RECURSION = YES;
				CLANG_WARN_INT_CONVERSION = YES;
				CLANG_WARN_NON_LITERAL_NULL_CONVERSION = YES;
				CLANG_WARN_OBJC_IMPLICIT_RETAIN_SELF = YES;
				CLANG_WARN_OBJC_LITERAL_CONVERSION = YES;
				CLANG_WARN_OBJC_ROOT_CLASS = YES_ERROR;
				CLANG_WARN_RANGE_LOOP_ANALYSIS = YES;
				CLANG_WARN_STRICT_PROTOTYPES = YES;
				CLANG_WARN_SUSPICIOUS_MOVE = YES;
				CLANG_WARN_UNGUARDED_AVAILABILITY = YES_AGGRESSIVE;
				CLANG_WARN_UNREACHABLE_CODE = YES;
				CLANG_WARN__DUPLICATE_METHOD_MATCH = YES;
				CODE_SIGN_IDENTITY = "iPhone Developer";
				COPY_PHASE_STRIP = NO;
				DEBUG_INFORMATION_FORMAT = "dwarf-with-dsym";
				ENABLE_NS_ASSERTIONS = NO;
				ENABLE_STRICT_OBJC_MSGSEND = YES;
				GCC_C_LANGUAGE_STANDARD = gnu11;
				GCC_NO_COMMON_BLOCKS = YES;
				GCC_WARN_64_TO_32_BIT_CONVERSION = YES;
				GCC_WARN_ABOUT_RETURN_TYPE = YES_ERROR;
				GCC_WARN_UNDECLARED_SELECTOR = YES;
				GCC_WARN_UNINITIALIZED_AUTOS = YES_AGGRESSIVE;
				GCC_WARN_UNUSED_FUNCTION = YES;
				GCC_WARN_UNUSED_VARIABLE = YES;
				IPHONEOS_DEPLOYMENT_TARGET = 12.2;
				MTL_ENABLE_DEBUG_INFO = NO;
				MTL_FAST_MATH = YES;
				SDKROOT = iphoneos;
				SWIFT_COMPILATION_MODE = wholemodule;
				SWIFT_OPTIMIZATION_LEVEL = "-O";
				VALIDATE_PRODUCT = YES;
			};
			name = Release;
		};
		D6D0912F225BDC8B00F2CE69 /* Debug */ = {
			isa = XCBuildConfiguration;
			baseConfigurationReference = B9E4E98F6645157CBB2A0F79 /* Pods-Todoey.debug.xcconfig */;
			buildSettings = {
				ASSETCATALOG_COMPILER_APPICON_NAME = AppIcon;
				CODE_SIGN_STYLE = Automatic;
				DEVELOPMENT_TEAM = CVC369LW49;
				INFOPLIST_FILE = Todoey/Info.plist;
				LD_RUNPATH_SEARCH_PATHS = (
					"$(inherited)",
					"@executable_path/Frameworks",
				);
				PRODUCT_BUNDLE_IDENTIFIER = com.omaraconsultingassoc.Todoey;
				PRODUCT_NAME = "$(TARGET_NAME)";
				SWIFT_VERSION = 5.0;
				TARGETED_DEVICE_FAMILY = "1,2";
			};
			name = Debug;
		};
		D6D09130225BDC8B00F2CE69 /* Release */ = {
			isa = XCBuildConfiguration;
			baseConfigurationReference = 2A04DF088686CC7E563A11A2 /* Pods-Todoey.release.xcconfig */;
			buildSettings = {
				ASSETCATALOG_COMPILER_APPICON_NAME = AppIcon;
				CODE_SIGN_STYLE = Automatic;
				DEVELOPMENT_TEAM = CVC369LW49;
				INFOPLIST_FILE = Todoey/Info.plist;
				LD_RUNPATH_SEARCH_PATHS = (
					"$(inherited)",
					"@executable_path/Frameworks",
				);
				PRODUCT_BUNDLE_IDENTIFIER = com.omaraconsultingassoc.Todoey;
				PRODUCT_NAME = "$(TARGET_NAME)";
				SWIFT_VERSION = 5.0;
				TARGETED_DEVICE_FAMILY = "1,2";
			};
			name = Release;
		};
/* End XCBuildConfiguration section */

/* Begin XCConfigurationList section */
		D6D09117225BDC8900F2CE69 /* Build configuration list for PBXProject "Todoey" */ = {
			isa = XCConfigurationList;
			buildConfigurations = (
				D6D0912C225BDC8B00F2CE69 /* Debug */,
				D6D0912D225BDC8B00F2CE69 /* Release */,
			);
			defaultConfigurationIsVisible = 0;
			defaultConfigurationName = Release;
		};
		D6D0912E225BDC8B00F2CE69 /* Build configuration list for PBXNativeTarget "Todoey" */ = {
			isa = XCConfigurationList;
			buildConfigurations = (
				D6D0912F225BDC8B00F2CE69 /* Debug */,
				D6D09130225BDC8B00F2CE69 /* Release */,
			);
			defaultConfigurationIsVisible = 0;
			defaultConfigurationName = Release;
		};
/* End XCConfigurationList section */
	};
	rootObject = D6D09114225BDC8900F2CE69 /* Project object */;
}
